// !$*UTF8*$!
{
	archiveVersion = 1;
	classes = {
	};
	objectVersion = 55;
	objects = {

/* Begin PBXBuildFile section */
		C0DEF60027ABE22200678624 /* Instagram_CloneApp.swift in Sources */ = {isa = PBXBuildFile; fileRef = C0DEF5FF27ABE22200678624 /* Instagram_CloneApp.swift */; };
		C0DEF60427ABE22800678624 /* Assets.xcassets in Resources */ = {isa = PBXBuildFile; fileRef = C0DEF60327ABE22800678624 /* Assets.xcassets */; };
		C0DEF60727ABE22800678624 /* Preview Assets.xcassets in Resources */ = {isa = PBXBuildFile; fileRef = C0DEF60627ABE22800678624 /* Preview Assets.xcassets */; };
		C0DEF61427ABE44F00678624 /* FirebaseAuth in Frameworks */ = {isa = PBXBuildFile; productRef = C0DEF61327ABE44F00678624 /* FirebaseAuth */; };
		C0DEF61627ABE44F00678624 /* FirebaseDatabase in Frameworks */ = {isa = PBXBuildFile; productRef = C0DEF61527ABE44F00678624 /* FirebaseDatabase */; };
		C0DEF61827ABE44F00678624 /* FirebaseFirestore in Frameworks */ = {isa = PBXBuildFile; productRef = C0DEF61727ABE44F00678624 /* FirebaseFirestore */; };
		C0DEF61A27ABE44F00678624 /* FirebaseFirestoreSwift-Beta in Frameworks */ = {isa = PBXBuildFile; productRef = C0DEF61927ABE44F00678624 /* FirebaseFirestoreSwift-Beta */; };
		C0DEF61C27ABE44F00678624 /* FirebaseStorage in Frameworks */ = {isa = PBXBuildFile; productRef = C0DEF61B27ABE44F00678624 /* FirebaseStorage */; };
		C0DEF61E27ABE44F00678624 /* FirebaseStorageSwift-Beta in Frameworks */ = {isa = PBXBuildFile; productRef = C0DEF61D27ABE44F00678624 /* FirebaseStorageSwift-Beta */; };
		C0DEF62127ABE4CF00678624 /* Kingfisher in Frameworks */ = {isa = PBXBuildFile; productRef = C0DEF62027ABE4CF00678624 /* Kingfisher */; };
		C0DEF62827ABE55C00678624 /* ProfileView.swift in Sources */ = {isa = PBXBuildFile; fileRef = C0DEF62727ABE55C00678624 /* ProfileView.swift */; };
		C0DEF62A27ABE57700678624 /* NotificationsView.swift in Sources */ = {isa = PBXBuildFile; fileRef = C0DEF62927ABE57700678624 /* NotificationsView.swift */; };
		C0DEF62C27ABE5C400678624 /* SearchView.swift in Sources */ = {isa = PBXBuildFile; fileRef = C0DEF62B27ABE5C400678624 /* SearchView.swift */; };
		C0DEF62E27ABE5D200678624 /* FeedView.swift in Sources */ = {isa = PBXBuildFile; fileRef = C0DEF62D27ABE5D200678624 /* FeedView.swift */; };
		C0DEF63027ABE5E300678624 /* MainView.swift in Sources */ = {isa = PBXBuildFile; fileRef = C0DEF62F27ABE5E300678624 /* MainView.swift */; };
		C0DEF63327ABE6AF00678624 /* UploadPostView.swift in Sources */ = {isa = PBXBuildFile; fileRef = C0DEF63227ABE6AF00678624 /* UploadPostView.swift */; };
		C0DEF63527ABE6F900678624 /* ContentView.swift in Sources */ = {isa = PBXBuildFile; fileRef = C0DEF63427ABE6F800678624 /* ContentView.swift */; };
/* End PBXBuildFile section */

/* Begin PBXFileReference section */
		C0DEF5FC27ABE22200678624 /* Instagram_Clone.app */ = {isa = PBXFileReference; explicitFileType = wrapper.application; includeInIndex = 0; path = Instagram_Clone.app; sourceTree = BUILT_PRODUCTS_DIR; };
		C0DEF5FF27ABE22200678624 /* Instagram_CloneApp.swift */ = {isa = PBXFileReference; lastKnownFileType = sourcecode.swift; path = Instagram_CloneApp.swift; sourceTree = "<group>"; };
		C0DEF60327ABE22800678624 /* Assets.xcassets */ = {isa = PBXFileReference; lastKnownFileType = folder.assetcatalog; path = Assets.xcassets; sourceTree = "<group>"; };
		C0DEF60627ABE22800678624 /* Preview Assets.xcassets */ = {isa = PBXFileReference; lastKnownFileType = folder.assetcatalog; path = "Preview Assets.xcassets"; sourceTree = "<group>"; };
		C0DEF62727ABE55C00678624 /* ProfileView.swift */ = {isa = PBXFileReference; lastKnownFileType = sourcecode.swift; path = ProfileView.swift; sourceTree = "<group>"; };
		C0DEF62927ABE57700678624 /* NotificationsView.swift */ = {isa = PBXFileReference; lastKnownFileType = sourcecode.swift; path = NotificationsView.swift; sourceTree = "<group>"; };
		C0DEF62B27ABE5C400678624 /* SearchView.swift */ = {isa = PBXFileReference; lastKnownFileType = sourcecode.swift; path = SearchView.swift; sourceTree = "<group>"; };
		C0DEF62D27ABE5D200678624 /* FeedView.swift */ = {isa = PBXFileReference; lastKnownFileType = sourcecode.swift; path = FeedView.swift; sourceTree = "<group>"; };
		C0DEF62F27ABE5E300678624 /* MainView.swift */ = {isa = PBXFileReference; lastKnownFileType = sourcecode.swift; path = MainView.swift; sourceTree = "<group>"; };
		C0DEF63227ABE6AF00678624 /* UploadPostView.swift */ = {isa = PBXFileReference; lastKnownFileType = sourcecode.swift; path = UploadPostView.swift; sourceTree = "<group>"; };
		C0DEF63427ABE6F800678624 /* ContentView.swift */ = {isa = PBXFileReference; lastKnownFileType = sourcecode.swift; path = ContentView.swift; sourceTree = "<group>"; };
/* End PBXFileReference section */

/* Begin PBXFrameworksBuildPhase section */
		C0DEF5F927ABE22200678624 /* Frameworks */ = {
			isa = PBXFrameworksBuildPhase;
			buildActionMask = 2147483647;
			files = (
				C0DEF61627ABE44F00678624 /* FirebaseDatabase in Frameworks */,
				C0DEF61A27ABE44F00678624 /* FirebaseFirestoreSwift-Beta in Frameworks */,
				C0DEF62127ABE4CF00678624 /* Kingfisher in Frameworks */,
				C0DEF61427ABE44F00678624 /* FirebaseAuth in Frameworks */,
				C0DEF61C27ABE44F00678624 /* FirebaseStorage in Frameworks */,
				C0DEF61827ABE44F00678624 /* FirebaseFirestore in Frameworks */,
				C0DEF61E27ABE44F00678624 /* FirebaseStorageSwift-Beta in Frameworks */,
			);
			runOnlyForDeploymentPostprocessing = 0;
		};
/* End PBXFrameworksBuildPhase section */

/* Begin PBXGroup section */
		C0DEF5F327ABE22200678624 = {
			isa = PBXGroup;
			children = (
				C0DEF5FE27ABE22200678624 /* Instagram_Clone */,
				C0DEF5FD27ABE22200678624 /* Products */,
			);
			sourceTree = "<group>";
		};
		C0DEF5FD27ABE22200678624 /* Products */ = {
			isa = PBXGroup;
			children = (
				C0DEF5FC27ABE22200678624 /* Instagram_Clone.app */,
			);
			name = Products;
			sourceTree = "<group>";
		};
		C0DEF5FE27ABE22200678624 /* Instagram_Clone */ = {
			isa = PBXGroup;
			children = (
				C0DEF61127ABE2F600678624 /* API */,
				C0DEF61027ABE2E400678624 /* Utils */,
				C0DEF60F27ABE2D200678624 /* Model */,
				C0DEF60E27ABE2CA00678624 /* ViewModel */,
				C0DEF60D27ABE27A00678624 /* View */,
				C0DEF5FF27ABE22200678624 /* Instagram_CloneApp.swift */,
				C0DEF60327ABE22800678624 /* Assets.xcassets */,
				C0DEF60527ABE22800678624 /* Preview Content */,
			);
			path = Instagram_Clone;
			sourceTree = "<group>";
		};
		C0DEF60527ABE22800678624 /* Preview Content */ = {
			isa = PBXGroup;
			children = (
				C0DEF60627ABE22800678624 /* Preview Assets.xcassets */,
			);
			path = "Preview Content";
			sourceTree = "<group>";
		};
		C0DEF60D27ABE27A00678624 /* View */ = {
			isa = PBXGroup;
			children = (
				C0DEF63127ABE69200678624 /* UploadPost */,
				C0DEF62627ABE53000678624 /* Profile */,
				C0DEF62527ABE52100678624 /* Notifications */,
				C0DEF62427ABE51600678624 /* Search */,
				C0DEF62327ABE51100678624 /* Feed */,
				C0DEF62227ABE50A00678624 /* Main */,
			);
			path = View;
			sourceTree = "<group>";
		};
		C0DEF60E27ABE2CA00678624 /* ViewModel */ = {
			isa = PBXGroup;
			children = (
			);
			path = ViewModel;
			sourceTree = "<group>";
		};
		C0DEF60F27ABE2D200678624 /* Model */ = {
			isa = PBXGroup;
			children = (
			);
			path = Model;
			sourceTree = "<group>";
		};
		C0DEF61027ABE2E400678624 /* Utils */ = {
			isa = PBXGroup;
			children = (
			);
			path = Utils;
			sourceTree = "<group>";
		};
		C0DEF61127ABE2F600678624 /* API */ = {
			isa = PBXGroup;
			children = (
			);
			path = API;
			sourceTree = "<group>";
		};
		C0DEF62227ABE50A00678624 /* Main */ = {
			isa = PBXGroup;
			children = (
				C0DEF62F27ABE5E300678624 /* MainView.swift */,
				C0DEF63427ABE6F800678624 /* ContentView.swift */,
			);
			path = Main;
			sourceTree = "<group>";
		};
		C0DEF62327ABE51100678624 /* Feed */ = {
			isa = PBXGroup;
			children = (
				C0DEF62D27ABE5D200678624 /* FeedView.swift */,
			);
			path = Feed;
			sourceTree = "<group>";
		};
		C0DEF62427ABE51600678624 /* Search */ = {
			isa = PBXGroup;
			children = (
				C0DEF62B27ABE5C400678624 /* SearchView.swift */,
			);
			path = Search;
			sourceTree = "<group>";
		};
		C0DEF62527ABE52100678624 /* Notifications */ = {
			isa = PBXGroup;
			children = (
				C0DEF62927ABE57700678624 /* NotificationsView.swift */,
			);
			path = Notifications;
			sourceTree = "<group>";
		};
		C0DEF62627ABE53000678624 /* Profile */ = {
			isa = PBXGroup;
			children = (
				C0DEF62727ABE55C00678624 /* ProfileView.swift */,
			);
			path = Profile;
			sourceTree = "<group>";
		};
		C0DEF63127ABE69200678624 /* UploadPost */ = {
			isa = PBXGroup;
			children = (
				C0DEF63227ABE6AF00678624 /* UploadPostView.swift */,
			);
			path = UploadPost;
			sourceTree = "<group>";
		};
/* End PBXGroup section */

/* Begin PBXNativeTarget section */
		C0DEF5FB27ABE22200678624 /* Instagram_Clone */ = {
			isa = PBXNativeTarget;
			buildConfigurationList = C0DEF60A27ABE22800678624 /* Build configuration list for PBXNativeTarget "Instagram_Clone" */;
			buildPhases = (
				C0DEF5F827ABE22200678624 /* Sources */,
				C0DEF5F927ABE22200678624 /* Frameworks */,
				C0DEF5FA27ABE22200678624 /* Resources */,
			);
			buildRules = (
			);
			dependencies = (
			);
			name = Instagram_Clone;
			packageProductDependencies = (
				C0DEF61327ABE44F00678624 /* FirebaseAuth */,
				C0DEF61527ABE44F00678624 /* FirebaseDatabase */,
				C0DEF61727ABE44F00678624 /* FirebaseFirestore */,
				C0DEF61927ABE44F00678624 /* FirebaseFirestoreSwift-Beta */,
				C0DEF61B27ABE44F00678624 /* FirebaseStorage */,
				C0DEF61D27ABE44F00678624 /* FirebaseStorageSwift-Beta */,
				C0DEF62027ABE4CF00678624 /* Kingfisher */,
			);
			productName = Instagram_Clone;
			productReference = C0DEF5FC27ABE22200678624 /* Instagram_Clone.app */;
			productType = "com.apple.product-type.application";
		};
/* End PBXNativeTarget section */

/* Begin PBXProject section */
		C0DEF5F427ABE22200678624 /* Project object */ = {
			isa = PBXProject;
			attributes = {
				BuildIndependentTargetsInParallel = 1;
				LastSwiftUpdateCheck = 1320;
				LastUpgradeCheck = 1320;
				TargetAttributes = {
					C0DEF5FB27ABE22200678624 = {
						CreatedOnToolsVersion = 13.2.1;
					};
				};
			};
			buildConfigurationList = C0DEF5F727ABE22200678624 /* Build configuration list for PBXProject "Instagram_Clone" */;
			compatibilityVersion = "Xcode 13.0";
			developmentRegion = en;
			hasScannedForEncodings = 0;
			knownRegions = (
				en,
				Base,
			);
			mainGroup = C0DEF5F327ABE22200678624;
			packageReferences = (
				C0DEF61227ABE44F00678624 /* XCRemoteSwiftPackageReference "firebase-ios-sdk" */,
				C0DEF61F27ABE4CE00678624 /* XCRemoteSwiftPackageReference "Kingfisher" */,
			);
			productRefGroup = C0DEF5FD27ABE22200678624 /* Products */;
			projectDirPath = "";
			projectRoot = "";
			targets = (
				C0DEF5FB27ABE22200678624 /* Instagram_Clone */,
			);
		};
/* End PBXProject section */

/* Begin PBXResourcesBuildPhase section */
		C0DEF5FA27ABE22200678624 /* Resources */ = {
			isa = PBXResourcesBuildPhase;
			buildActionMask = 2147483647;
			files = (
				C0DEF60727ABE22800678624 /* Preview Assets.xcassets in Resources */,
				C0DEF60427ABE22800678624 /* Assets.xcassets in Resources */,
			);
			runOnlyForDeploymentPostprocessing = 0;
		};
/* End PBXResourcesBuildPhase section */

/* Begin PBXSourcesBuildPhase section */
		C0DEF5F827ABE22200678624 /* Sources */ = {
			isa = PBXSourcesBuildPhase;
			buildActionMask = 2147483647;
			files = (
				C0DEF62C27ABE5C400678624 /* SearchView.swift in Sources */,
				C0DEF63027ABE5E300678624 /* MainView.swift in Sources */,
				C0DEF63527ABE6F900678624 /* ContentView.swift in Sources */,
				C0DEF62A27ABE57700678624 /* NotificationsView.swift in Sources */,
				C0DEF62827ABE55C00678624 /* ProfileView.swift in Sources */,
				C0DEF63327ABE6AF00678624 /* UploadPostView.swift in Sources */,
				C0DEF62E27ABE5D200678624 /* FeedView.swift in Sources */,
				C0DEF60027ABE22200678624 /* Instagram_CloneApp.swift in Sources */,
			);
			runOnlyForDeploymentPostprocessing = 0;
		};
/* End PBXSourcesBuildPhase section */

/* Begin XCBuildConfiguration section */
		C0DEF60827ABE22800678624 /* Debug */ = {
			isa = XCBuildConfiguration;
			buildSettings = {
				ALWAYS_SEARCH_USER_PATHS = NO;
				CLANG_ANALYZER_NONNULL = YES;
				CLANG_ANALYZER_NUMBER_OBJECT_CONVERSION = YES_AGGRESSIVE;
				CLANG_CXX_LANGUAGE_STANDARD = "gnu++17";
				CLANG_CXX_LIBRARY = "libc++";
				CLANG_ENABLE_MODULES = YES;
				CLANG_ENABLE_OBJC_ARC = YES;
				CLANG_ENABLE_OBJC_WEAK = YES;
				CLANG_WARN_BLOCK_CAPTURE_AUTORELEASING = YES;
				CLANG_WARN_BOOL_CONVERSION = YES;
				CLANG_WARN_COMMA = YES;
				CLANG_WARN_CONSTANT_CONVERSION = YES;
				CLANG_WARN_DEPRECATED_OBJC_IMPLEMENTATIONS = YES;
				CLANG_WARN_DIRECT_OBJC_ISA_USAGE = YES_ERROR;
				CLANG_WARN_DOCUMENTATION_COMMENTS = YES;
				CLANG_WARN_EMPTY_BODY = YES;
				CLANG_WARN_ENUM_CONVERSION = YES;
				CLANG_WARN_INFINITE_RECURSION = YES;
				CLANG_WARN_INT_CONVERSION = YES;
				CLANG_WARN_NON_LITERAL_NULL_CONVERSION = YES;
				CLANG_WARN_OBJC_IMPLICIT_RETAIN_SELF = YES;
				CLANG_WARN_OBJC_LITERAL_CONVERSION = YES;
				CLANG_WARN_OBJC_ROOT_CLASS = YES_ERROR;
				CLANG_WARN_QUOTED_INCLUDE_IN_FRAMEWORK_HEADER = YES;
				CLANG_WARN_RANGE_LOOP_ANALYSIS = YES;
				CLANG_WARN_STRICT_PROTOTYPES = YES;
				CLANG_WARN_SUSPICIOUS_MOVE = YES;
				CLANG_WARN_UNGUARDED_AVAILABILITY = YES_AGGRESSIVE;
				CLANG_WARN_UNREACHABLE_CODE = YES;
				CLANG_WARN__DUPLICATE_METHOD_MATCH = YES;
				COPY_PHASE_STRIP = NO;
				DEBUG_INFORMATION_FORMAT = dwarf;
				ENABLE_STRICT_OBJC_MSGSEND = YES;
				ENABLE_TESTABILITY = YES;
				GCC_C_LANGUAGE_STANDARD = gnu11;
				GCC_DYNAMIC_NO_PIC = NO;
				GCC_NO_COMMON_BLOCKS = YES;
				GCC_OPTIMIZATION_LEVEL = 0;
				GCC_PREPROCESSOR_DEFINITIONS = (
					"DEBUG=1",
					"$(inherited)",
				);
				GCC_WARN_64_TO_32_BIT_CONVERSION = YES;
				GCC_WARN_ABOUT_RETURN_TYPE = YES_ERROR;
				GCC_WARN_UNDECLARED_SELECTOR = YES;
				GCC_WARN_UNINITIALIZED_AUTOS = YES_AGGRESSIVE;
				GCC_WARN_UNUSED_FUNCTION = YES;
				GCC_WARN_UNUSED_VARIABLE = YES;
				IPHONEOS_DEPLOYMENT_TARGET = 15.2;
				MTL_ENABLE_DEBUG_INFO = INCLUDE_SOURCE;
				MTL_FAST_MATH = YES;
				ONLY_ACTIVE_ARCH = YES;
				SDKROOT = iphoneos;
				SWIFT_ACTIVE_COMPILATION_CONDITIONS = DEBUG;
				SWIFT_OPTIMIZATION_LEVEL = "-Onone";
			};
			name = Debug;
		};
		C0DEF60927ABE22800678624 /* Release */ = {
			isa = XCBuildConfiguration;
			buildSettings = {
				ALWAYS_SEARCH_USER_PATHS = NO;
				CLANG_ANALYZER_NONNULL = YES;
				CLANG_ANALYZER_NUMBER_OBJECT_CONVERSION = YES_AGGRESSIVE;
				CLANG_CXX_LANGUAGE_STANDARD = "gnu++17";
				CLANG_CXX_LIBRARY = "libc++";
				CLANG_ENABLE_MODULES = YES;
				CLANG_ENABLE_OBJC_ARC = YES;
				CLANG_ENABLE_OBJC_WEAK = YES;
				CLANG_WARN_BLOCK_CAPTURE_AUTORELEASING = YES;
				CLANG_WARN_BOOL_CONVERSION = YES;
				CLANG_WARN_COMMA = YES;
				CLANG_WARN_CONSTANT_CONVERSION = YES;
				CLANG_WARN_DEPRECATED_OBJC_IMPLEMENTATIONS = YES;
				CLANG_WARN_DIRECT_OBJC_ISA_USAGE = YES_ERROR;
				CLANG_WARN_DOCUMENTATION_COMMENTS = YES;
				CLANG_WARN_EMPTY_BODY = YES;
				CLANG_WARN_ENUM_CONVERSION = YES;
				CLANG_WARN_INFINITE_RECURSION = YES;
				CLANG_WARN_INT_CONVERSION = YES;
				CLANG_WARN_NON_LITERAL_NULL_CONVERSION = YES;
				CLANG_WARN_OBJC_IMPLICIT_RETAIN_SELF = YES;
				CLANG_WARN_OBJC_LITERAL_CONVERSION = YES;
				CLANG_WARN_OBJC_ROOT_CLASS = YES_ERROR;
				CLANG_WARN_QUOTED_INCLUDE_IN_FRAMEWORK_HEADER = YES;
				CLANG_WARN_RANGE_LOOP_ANALYSIS = YES;
				CLANG_WARN_STRICT_PROTOTYPES = YES;
				CLANG_WARN_SUSPICIOUS_MOVE = YES;
				CLANG_WARN_UNGUARDED_AVAILABILITY = YES_AGGRESSIVE;
				CLANG_WARN_UNREACHABLE_CODE = YES;
				CLANG_WARN__DUPLICATE_METHOD_MATCH = YES;
				COPY_PHASE_STRIP = NO;
				DEBUG_INFORMATION_FORMAT = "dwarf-with-dsym";
				ENABLE_NS_ASSERTIONS = NO;
				ENABLE_STRICT_OBJC_MSGSEND = YES;
				GCC_C_LANGUAGE_STANDARD = gnu11;
				GCC_NO_COMMON_BLOCKS = YES;
				GCC_WARN_64_TO_32_BIT_CONVERSION = YES;
				GCC_WARN_ABOUT_RETURN_TYPE = YES_ERROR;
				GCC_WARN_UNDECLARED_SELECTOR = YES;
				GCC_WARN_UNINITIALIZED_AUTOS = YES_AGGRESSIVE;
				GCC_WARN_UNUSED_FUNCTION = YES;
				GCC_WARN_UNUSED_VARIABLE = YES;
				IPHONEOS_DEPLOYMENT_TARGET = 15.2;
				MTL_ENABLE_DEBUG_INFO = NO;
				MTL_FAST_MATH = YES;
				SDKROOT = iphoneos;
				SWIFT_COMPILATION_MODE = wholemodule;
				SWIFT_OPTIMIZATION_LEVEL = "-O";
				VALIDATE_PRODUCT = YES;
			};
			name = Release;
		};
		C0DEF60B27ABE22800678624 /* Debug */ = {
			isa = XCBuildConfiguration;
			buildSettings = {
				ASSETCATALOG_COMPILER_APPICON_NAME = AppIcon;
				ASSETCATALOG_COMPILER_GLOBAL_ACCENT_COLOR_NAME = AccentColor;
				CODE_SIGN_STYLE = Automatic;
				CURRENT_PROJECT_VERSION = 1;
				DEVELOPMENT_ASSET_PATHS = "\"Instagram_Clone/Preview Content\"";
				DEVELOPMENT_TEAM = C9QK36AN46;
				ENABLE_PREVIEWS = YES;
				GENERATE_INFOPLIST_FILE = YES;
				INFOPLIST_KEY_UIApplicationSceneManifest_Generation = YES;
				INFOPLIST_KEY_UIApplicationSupportsIndirectInputEvents = YES;
				INFOPLIST_KEY_UILaunchScreen_Generation = YES;
				INFOPLIST_KEY_UISupportedInterfaceOrientations_iPad = "UIInterfaceOrientationPortrait UIInterfaceOrientationPortraitUpsideDown UIInterfaceOrientationLandscapeLeft UIInterfaceOrientationLandscapeRight";
				INFOPLIST_KEY_UISupportedInterfaceOrientations_iPhone = "UIInterfaceOrientationPortrait UIInterfaceOrientationLandscapeLeft UIInterfaceOrientationLandscapeRight";
				LD_RUNPATH_SEARCH_PATHS = (
					"$(inherited)",
					"@executable_path/Frameworks",
				);
				MARKETING_VERSION = 1.0;
				PRODUCT_BUNDLE_IDENTIFIER = "niko.kharkevich.Instagram-Clone";
				PRODUCT_NAME = "$(TARGET_NAME)";
				SWIFT_EMIT_LOC_STRINGS = YES;
				SWIFT_VERSION = 5.0;
				TARGETED_DEVICE_FAMILY = "1,2";
			};
			name = Debug;
		};
		C0DEF60C27ABE22800678624 /* Release */ = {
			isa = XCBuildConfiguration;
			buildSettings = {
				ASSETCATALOG_COMPILER_APPICON_NAME = AppIcon;
				ASSETCATALOG_COMPILER_GLOBAL_ACCENT_COLOR_NAME = AccentColor;
				CODE_SIGN_STYLE = Automatic;
				CURRENT_PROJECT_VERSION = 1;
				DEVELOPMENT_ASSET_PATHS = "\"Instagram_Clone/Preview Content\"";
				DEVELOPMENT_TEAM = C9QK36AN46;
				ENABLE_PREVIEWS = YES;
				GENERATE_INFOPLIST_FILE = YES;
				INFOPLIST_KEY_UIApplicationSceneManifest_Generation = YES;
				INFOPLIST_KEY_UIApplicationSupportsIndirectInputEvents = YES;
				INFOPLIST_KEY_UILaunchScreen_Generation = YES;
				INFOPLIST_KEY_UISupportedInterfaceOrientations_iPad = "UIInterfaceOrientationPortrait UIInterfaceOrientationPortraitUpsideDown UIInterfaceOrientationLandscapeLeft UIInterfaceOrientationLandscapeRight";
				INFOPLIST_KEY_UISupportedInterfaceOrientations_iPhone = "UIInterfaceOrientationPortrait UIInterfaceOrientationLandscapeLeft UIInterfaceOrientationLandscapeRight";
				LD_RUNPATH_SEARCH_PATHS = (
					"$(inherited)",
					"@executable_path/Frameworks",
				);
				MARKETING_VERSION = 1.0;
				PRODUCT_BUNDLE_IDENTIFIER = "niko.kharkevich.Instagram-Clone";
				PRODUCT_NAME = "$(TARGET_NAME)";
				SWIFT_EMIT_LOC_STRINGS = YES;
				SWIFT_VERSION = 5.0;
				TARGETED_DEVICE_FAMILY = "1,2";
			};
			name = Release;
		};
/* End XCBuildConfiguration section */

/* Begin XCConfigurationList section */
		C0DEF5F727ABE22200678624 /* Build configuration list for PBXProject "Instagram_Clone" */ = {
			isa = XCConfigurationList;
			buildConfigurations = (
				C0DEF60827ABE22800678624 /* Debug */,
				C0DEF60927ABE22800678624 /* Release */,
			);
			defaultConfigurationIsVisible = 0;
			defaultConfigurationName = Release;
		};
		C0DEF60A27ABE22800678624 /* Build configuration list for PBXNativeTarget "Instagram_Clone" */ = {
			isa = XCConfigurationList;
			buildConfigurations = (
				C0DEF60B27ABE22800678624 /* Debug */,
				C0DEF60C27ABE22800678624 /* Release */,
			);
			defaultConfigurationIsVisible = 0;
			defaultConfigurationName = Release;
		};
/* End XCConfigurationList section */

/* Begin XCRemoteSwiftPackageReference section */
		C0DEF61227ABE44F00678624 /* XCRemoteSwiftPackageReference "firebase-ios-sdk" */ = {
			isa = XCRemoteSwiftPackageReference;
			repositoryURL = "https://github.com/firebase/firebase-ios-sdk.git";
			requirement = {
				kind = upToNextMajorVersion;
				minimumVersion = 8.0.0;
			};
		};
		C0DEF61F27ABE4CE00678624 /* XCRemoteSwiftPackageReference "Kingfisher" */ = {
			isa = XCRemoteSwiftPackageReference;
			repositoryURL = "https://github.com/onevcat/Kingfisher.git";
			requirement = {
				kind = upToNextMajorVersion;
				minimumVersion = 7.0.0;
			};
		};
/* End XCRemoteSwiftPackageReference section */

/* Begin XCSwiftPackageProductDependency section */
		C0DEF61327ABE44F00678624 /* FirebaseAuth */ = {
			isa = XCSwiftPackageProductDependency;
			package = C0DEF61227ABE44F00678624 /* XCRemoteSwiftPackageReference "firebase-ios-sdk" */;
			productName = FirebaseAuth;
		};
		C0DEF61527ABE44F00678624 /* FirebaseDatabase */ = {
			isa = XCSwiftPackageProductDependency;
			package = C0DEF61227ABE44F00678624 /* XCRemoteSwiftPackageReference "firebase-ios-sdk" */;
			productName = FirebaseDatabase;
		};
		C0DEF61727ABE44F00678624 /* FirebaseFirestore */ = {
			isa = XCSwiftPackageProductDependency;
			package = C0DEF61227ABE44F00678624 /* XCRemoteSwiftPackageReference "firebase-ios-sdk" */;
			productName = FirebaseFirestore;
		};
		C0DEF61927ABE44F00678624 /* FirebaseFirestoreSwift-Beta */ = {
			isa = XCSwiftPackageProductDependency;
			package = C0DEF61227ABE44F00678624 /* XCRemoteSwiftPackageReference "firebase-ios-sdk" */;
			productName = "FirebaseFirestoreSwift-Beta";
		};
		C0DEF61B27ABE44F00678624 /* FirebaseStorage */ = {
			isa = XCSwiftPackageProductDependency;
			package = C0DEF61227ABE44F00678624 /* XCRemoteSwiftPackageReference "firebase-ios-sdk" */;
			productName = FirebaseStorage;
		};
		C0DEF61D27ABE44F00678624 /* FirebaseStorageSwift-Beta */ = {
			isa = XCSwiftPackageProductDependency;
			package = C0DEF61227ABE44F00678624 /* XCRemoteSwiftPackageReference "firebase-ios-sdk" */;
			productName = "FirebaseStorageSwift-Beta";
		};
		C0DEF62027ABE4CF00678624 /* Kingfisher */ = {
			isa = XCSwiftPackageProductDependency;
			package = C0DEF61F27ABE4CE00678624 /* XCRemoteSwiftPackageReference "Kingfisher" */;
			productName = Kingfisher;
		};
/* End XCSwiftPackageProductDependency section */
	};
	rootObject = C0DEF5F427ABE22200678624 /* Project object */;
}
